
Microsoft Visual Studio Solution File, Format Version 12.00
# Visual Studio Version 16
VisualStudioVersion = 16.0.30320.27
MinimumVisualStudioVersion = 10.0.40219.1
Project("{FAE04EC0-301F-11D3-BF4B-00C04F79EFBC}") = "Todasca_Vasile_Lab6", "Todasca_Vasile_Lab6\Todasca_Vasile_Lab6.csproj", "{D61EF72A-4C60-4DB2-9FDD-266016747D0E}"
EndProject
Global
	GlobalSection(SolutionConfigurationPlatforms) = preSolution
		Debug|Any CPU = Debug|Any CPU
		Release|Any CPU = Release|Any CPU
	EndGlobalSection
	GlobalSection(ProjectConfigurationPlatforms) = postSolution
		{D61EF72A-4C60-4DB2-9FDD-266016747D0E}.Debug|Any CPU.ActiveCfg = Debug|Any CPU
		{D61EF72A-4C60-4DB2-9FDD-266016747D0E}.Debug|Any CPU.Build.0 = Debug|Any CPU
		{D61EF72A-4C60-4DB2-9FDD-266016747D0E}.Release|Any CPU.ActiveCfg = Release|Any CPU
		{D61EF72A-4C60-4DB2-9FDD-266016747D0E}.Release|Any CPU.Build.0 = Release|Any CPU
	EndGlobalSection
	GlobalSection(SolutionProperties) = preSolution
		HideSolutionNode = FALSE
	EndGlobalSection
	GlobalSection(ExtensibilityGlobals) = postSolution
		SolutionGuid = {1B1C5848-7116-4E24-9DA2-334F3ECAB3D9}
	EndGlobalSection
EndGlobal
